// !$*UTF8*$!
{
	archiveVersion = 1;
	classes = {
	};
	objectVersion = 56;
	objects = {

/* Begin PBXBuildFile section */
		1B7AC1404FD005C02091A00F /* Pods_Reciplease.framework in Frameworks */ = {isa = PBXBuildFile; fileRef = 5047D8378FD9761FB3332E46 /* Pods_Reciplease.framework */; };
		982E22E029840111003C74DC /* RecipeDetailTableView.swift in Sources */ = {isa = PBXBuildFile; fileRef = 982E22DF29840111003C74DC /* RecipeDetailTableView.swift */; };
		982E22E2298418F9003C74DC /* RecipeImageDetailTableViewCell.swift in Sources */ = {isa = PBXBuildFile; fileRef = 982E22E1298418F9003C74DC /* RecipeImageDetailTableViewCell.swift */; };
		982E22E429854FED003C74DC /* RecipeListViewModel.swift in Sources */ = {isa = PBXBuildFile; fileRef = 982E22E329854FED003C74DC /* RecipeListViewModel.swift */; };
		988C523E2968BDBE00CDFD64 /* AppDelegate.swift in Sources */ = {isa = PBXBuildFile; fileRef = 988C523D2968BDBE00CDFD64 /* AppDelegate.swift */; };
		988C52402968BDBE00CDFD64 /* SceneDelegate.swift in Sources */ = {isa = PBXBuildFile; fileRef = 988C523F2968BDBE00CDFD64 /* SceneDelegate.swift */; };
		988C52422968BDBE00CDFD64 /* TabBarViewController.swift in Sources */ = {isa = PBXBuildFile; fileRef = 988C52412968BDBE00CDFD64 /* TabBarViewController.swift */; };
		988C52472968BDBF00CDFD64 /* Assets.xcassets in Resources */ = {isa = PBXBuildFile; fileRef = 988C52462968BDBF00CDFD64 /* Assets.xcassets */; };
		988C524A2968BDBF00CDFD64 /* LaunchScreen.storyboard in Resources */ = {isa = PBXBuildFile; fileRef = 988C52482968BDBF00CDFD64 /* LaunchScreen.storyboard */; };
		988C52562968BF9000CDFD64 /* SearchViewController.swift in Sources */ = {isa = PBXBuildFile; fileRef = 988C52552968BF9000CDFD64 /* SearchViewController.swift */; };
		988C52582968BFB700CDFD64 /* FavoritesViewController.swift in Sources */ = {isa = PBXBuildFile; fileRef = 988C52572968BFB700CDFD64 /* FavoritesViewController.swift */; };
		988C525D296C3F8900CDFD64 /* SearchViewModel.swift in Sources */ = {isa = PBXBuildFile; fileRef = 988C525C296C3F8900CDFD64 /* SearchViewModel.swift */; };
		988C5261296C403B00CDFD64 /* Recipe.swift in Sources */ = {isa = PBXBuildFile; fileRef = 988C5260296C403B00CDFD64 /* Recipe.swift */; };
		988C5263296C423900CDFD64 /* SearchResponse.swift in Sources */ = {isa = PBXBuildFile; fileRef = 988C5262296C423900CDFD64 /* SearchResponse.swift */; };
		988C5265296C431600CDFD64 /* Ingredient.swift in Sources */ = {isa = PBXBuildFile; fileRef = 988C5264296C431600CDFD64 /* Ingredient.swift */; };
		988C5267296C438B00CDFD64 /* Images.swift in Sources */ = {isa = PBXBuildFile; fileRef = 988C5266296C438B00CDFD64 /* Images.swift */; };
		988C526B296C5CFE00CDFD64 /* NetworkService.swift in Sources */ = {isa = PBXBuildFile; fileRef = 988C526A296C5CFE00CDFD64 /* NetworkService.swift */; };
		988C526D296DB26900CDFD64 /* RecipeModel.swift in Sources */ = {isa = PBXBuildFile; fileRef = 988C526C296DB26900CDFD64 /* RecipeModel.swift */; };
		988C526F296DD14200CDFD64 /* SearchTableView.swift in Sources */ = {isa = PBXBuildFile; fileRef = 988C526E296DD14200CDFD64 /* SearchTableView.swift */; };
		988C5274296EE3E600CDFD64 /* response.json in Resources */ = {isa = PBXBuildFile; fileRef = 988C5273296EE3E600CDFD64 /* response.json */; };
		988C5277296F1F6600CDFD64 /* SearchBarTableViewCell.swift in Sources */ = {isa = PBXBuildFile; fileRef = 988C5276296F1F6600CDFD64 /* SearchBarTableViewCell.swift */; };
		988C527C296F25FE00CDFD64 /* ItemListTableViewCell.swift in Sources */ = {isa = PBXBuildFile; fileRef = 988C527B296F25FE00CDFD64 /* ItemListTableViewCell.swift */; };
		9894CAC029706E69007B7995 /* AlertProvider.swift in Sources */ = {isa = PBXBuildFile; fileRef = 9894CABF29706E69007B7995 /* AlertProvider.swift */; };
		9894CAC2297199A8007B7995 /* Observable.swift in Sources */ = {isa = PBXBuildFile; fileRef = 9894CAC1297199A8007B7995 /* Observable.swift */; };
		9894CAC52971B58F007B7995 /* RecipeDetailViewModel.swift in Sources */ = {isa = PBXBuildFile; fileRef = 9894CAC42971B58F007B7995 /* RecipeDetailViewModel.swift */; };
		9894CACA2971B6AB007B7995 /* RecipeDetailViewController.swift in Sources */ = {isa = PBXBuildFile; fileRef = 9894CAC92971B6AB007B7995 /* RecipeDetailViewController.swift */; };
		9894CACC2971B6C7007B7995 /* RecipeListViewController.swift in Sources */ = {isa = PBXBuildFile; fileRef = 9894CACB2971B6C7007B7995 /* RecipeListViewController.swift */; };
		9894CACF2971B724007B7995 /* RecipeListCollectionView.swift in Sources */ = {isa = PBXBuildFile; fileRef = 9894CACE2971B724007B7995 /* RecipeListCollectionView.swift */; };
		9894CAD32971B803007B7995 /* Config.swift in Sources */ = {isa = PBXBuildFile; fileRef = 9894CAD22971B803007B7995 /* Config.swift */; };
		9894CAD52971BE87007B7995 /* RecipeMiniatureCollectionViewCell.swift in Sources */ = {isa = PBXBuildFile; fileRef = 9894CAD42971BE87007B7995 /* RecipeMiniatureCollectionViewCell.swift */; };
		9894CAD92975B1B5007B7995 /* Reciplease.xcdatamodeld in Sources */ = {isa = PBXBuildFile; fileRef = 9894CAD72975B1B5007B7995 /* Reciplease.xcdatamodeld */; };
		9894CADB2975B206007B7995 /* CoreDataStack.swift in Sources */ = {isa = PBXBuildFile; fileRef = 9894CADA2975B206007B7995 /* CoreDataStack.swift */; };
		9894CADD297804AA007B7995 /* ClearButtonTableViewCell.swift in Sources */ = {isa = PBXBuildFile; fileRef = 9894CADC297804AA007B7995 /* ClearButtonTableViewCell.swift */; };
		9894CADF29781E17007B7995 /* Coordinator.swift in Sources */ = {isa = PBXBuildFile; fileRef = 9894CADE29781E17007B7995 /* Coordinator.swift */; };
		9894CAE129781EF9007B7995 /* MainCoordinator.swift in Sources */ = {isa = PBXBuildFile; fileRef = 9894CAE029781EF9007B7995 /* MainCoordinator.swift */; };
		9894CAE3297821EF007B7995 /* TabBarCoordinator.swift in Sources */ = {isa = PBXBuildFile; fileRef = 9894CAE2297821EF007B7995 /* TabBarCoordinator.swift */; };
		9894CAE82978393D007B7995 /* SearchCoordinator.swift in Sources */ = {isa = PBXBuildFile; fileRef = 9894CAE72978393D007B7995 /* SearchCoordinator.swift */; };
		9894CAEA29783A00007B7995 /* FavoritesCoordinator.swift in Sources */ = {isa = PBXBuildFile; fileRef = 9894CAE929783A00007B7995 /* FavoritesCoordinator.swift */; };
/* End PBXBuildFile section */

/* Begin PBXFileReference section */
		102424357B54476CFBB14D90 /* Pods-Reciplease.debug.xcconfig */ = {isa = PBXFileReference; includeInIndex = 1; lastKnownFileType = text.xcconfig; name = "Pods-Reciplease.debug.xcconfig"; path = "Target Support Files/Pods-Reciplease/Pods-Reciplease.debug.xcconfig"; sourceTree = "<group>"; };
		32B81B1A9EF1B4A604AD68B8 /* Pods-Reciplease.release.xcconfig */ = {isa = PBXFileReference; includeInIndex = 1; lastKnownFileType = text.xcconfig; name = "Pods-Reciplease.release.xcconfig"; path = "Target Support Files/Pods-Reciplease/Pods-Reciplease.release.xcconfig"; sourceTree = "<group>"; };
		5047D8378FD9761FB3332E46 /* Pods_Reciplease.framework */ = {isa = PBXFileReference; explicitFileType = wrapper.framework; includeInIndex = 0; path = Pods_Reciplease.framework; sourceTree = BUILT_PRODUCTS_DIR; };
		982E22DF29840111003C74DC /* RecipeDetailTableView.swift */ = {isa = PBXFileReference; lastKnownFileType = sourcecode.swift; path = RecipeDetailTableView.swift; sourceTree = "<group>"; };
		982E22E1298418F9003C74DC /* RecipeImageDetailTableViewCell.swift */ = {isa = PBXFileReference; lastKnownFileType = sourcecode.swift; path = RecipeImageDetailTableViewCell.swift; sourceTree = "<group>"; };
		982E22E329854FED003C74DC /* RecipeListViewModel.swift */ = {isa = PBXFileReference; lastKnownFileType = sourcecode.swift; path = RecipeListViewModel.swift; sourceTree = "<group>"; };
		988C523A2968BDBE00CDFD64 /* Reciplease.app */ = {isa = PBXFileReference; explicitFileType = wrapper.application; includeInIndex = 0; path = Reciplease.app; sourceTree = BUILT_PRODUCTS_DIR; };
		988C523D2968BDBE00CDFD64 /* AppDelegate.swift */ = {isa = PBXFileReference; lastKnownFileType = sourcecode.swift; path = AppDelegate.swift; sourceTree = "<group>"; };
		988C523F2968BDBE00CDFD64 /* SceneDelegate.swift */ = {isa = PBXFileReference; lastKnownFileType = sourcecode.swift; path = SceneDelegate.swift; sourceTree = "<group>"; };
		988C52412968BDBE00CDFD64 /* TabBarViewController.swift */ = {isa = PBXFileReference; lastKnownFileType = sourcecode.swift; path = TabBarViewController.swift; sourceTree = "<group>"; };
		988C52462968BDBF00CDFD64 /* Assets.xcassets */ = {isa = PBXFileReference; lastKnownFileType = folder.assetcatalog; path = Assets.xcassets; sourceTree = "<group>"; };
		988C52492968BDBF00CDFD64 /* Base */ = {isa = PBXFileReference; lastKnownFileType = file.storyboard; name = Base; path = Base.lproj/LaunchScreen.storyboard; sourceTree = "<group>"; };
		988C524B2968BDBF00CDFD64 /* Info.plist */ = {isa = PBXFileReference; lastKnownFileType = text.plist.xml; path = Info.plist; sourceTree = "<group>"; };
		988C52552968BF9000CDFD64 /* SearchViewController.swift */ = {isa = PBXFileReference; lastKnownFileType = sourcecode.swift; path = SearchViewController.swift; sourceTree = "<group>"; };
		988C52572968BFB700CDFD64 /* FavoritesViewController.swift */ = {isa = PBXFileReference; lastKnownFileType = sourcecode.swift; path = FavoritesViewController.swift; sourceTree = "<group>"; };
		988C525C296C3F8900CDFD64 /* SearchViewModel.swift */ = {isa = PBXFileReference; lastKnownFileType = sourcecode.swift; path = SearchViewModel.swift; sourceTree = "<group>"; };
		988C5260296C403B00CDFD64 /* Recipe.swift */ = {isa = PBXFileReference; lastKnownFileType = sourcecode.swift; path = Recipe.swift; sourceTree = "<group>"; };
		988C5262296C423900CDFD64 /* SearchResponse.swift */ = {isa = PBXFileReference; lastKnownFileType = sourcecode.swift; path = SearchResponse.swift; sourceTree = "<group>"; };
		988C5264296C431600CDFD64 /* Ingredient.swift */ = {isa = PBXFileReference; lastKnownFileType = sourcecode.swift; path = Ingredient.swift; sourceTree = "<group>"; };
		988C5266296C438B00CDFD64 /* Images.swift */ = {isa = PBXFileReference; lastKnownFileType = sourcecode.swift; path = Images.swift; sourceTree = "<group>"; };
		988C526A296C5CFE00CDFD64 /* NetworkService.swift */ = {isa = PBXFileReference; lastKnownFileType = sourcecode.swift; path = NetworkService.swift; sourceTree = "<group>"; };
		988C526C296DB26900CDFD64 /* RecipeModel.swift */ = {isa = PBXFileReference; lastKnownFileType = sourcecode.swift; path = RecipeModel.swift; sourceTree = "<group>"; };
		988C526E296DD14200CDFD64 /* SearchTableView.swift */ = {isa = PBXFileReference; lastKnownFileType = sourcecode.swift; path = SearchTableView.swift; sourceTree = "<group>"; };
		988C5273296EE3E600CDFD64 /* response.json */ = {isa = PBXFileReference; fileEncoding = 4; lastKnownFileType = text.json; path = response.json; sourceTree = "<group>"; };
		988C5276296F1F6600CDFD64 /* SearchBarTableViewCell.swift */ = {isa = PBXFileReference; lastKnownFileType = sourcecode.swift; path = SearchBarTableViewCell.swift; sourceTree = "<group>"; };
		988C527B296F25FE00CDFD64 /* ItemListTableViewCell.swift */ = {isa = PBXFileReference; lastKnownFileType = sourcecode.swift; path = ItemListTableViewCell.swift; sourceTree = "<group>"; };
		9894CABF29706E69007B7995 /* AlertProvider.swift */ = {isa = PBXFileReference; lastKnownFileType = sourcecode.swift; path = AlertProvider.swift; sourceTree = "<group>"; };
		9894CAC1297199A8007B7995 /* Observable.swift */ = {isa = PBXFileReference; lastKnownFileType = sourcecode.swift; path = Observable.swift; sourceTree = "<group>"; };
		9894CAC42971B58F007B7995 /* RecipeDetailViewModel.swift */ = {isa = PBXFileReference; lastKnownFileType = sourcecode.swift; path = RecipeDetailViewModel.swift; sourceTree = "<group>"; };
		9894CAC92971B6AB007B7995 /* RecipeDetailViewController.swift */ = {isa = PBXFileReference; lastKnownFileType = sourcecode.swift; path = RecipeDetailViewController.swift; sourceTree = "<group>"; };
		9894CACB2971B6C7007B7995 /* RecipeListViewController.swift */ = {isa = PBXFileReference; lastKnownFileType = sourcecode.swift; path = RecipeListViewController.swift; sourceTree = "<group>"; };
		9894CACE2971B724007B7995 /* RecipeListCollectionView.swift */ = {isa = PBXFileReference; lastKnownFileType = sourcecode.swift; path = RecipeListCollectionView.swift; sourceTree = "<group>"; };
		9894CAD22971B803007B7995 /* Config.swift */ = {isa = PBXFileReference; lastKnownFileType = sourcecode.swift; path = Config.swift; sourceTree = "<group>"; };
		9894CAD42971BE87007B7995 /* RecipeMiniatureCollectionViewCell.swift */ = {isa = PBXFileReference; lastKnownFileType = sourcecode.swift; path = RecipeMiniatureCollectionViewCell.swift; sourceTree = "<group>"; };
		9894CAD82975B1B5007B7995 /* Reciplease.xcdatamodel */ = {isa = PBXFileReference; lastKnownFileType = wrapper.xcdatamodel; path = Reciplease.xcdatamodel; sourceTree = "<group>"; };
		9894CADA2975B206007B7995 /* CoreDataStack.swift */ = {isa = PBXFileReference; lastKnownFileType = sourcecode.swift; path = CoreDataStack.swift; sourceTree = "<group>"; };
		9894CADC297804AA007B7995 /* ClearButtonTableViewCell.swift */ = {isa = PBXFileReference; lastKnownFileType = sourcecode.swift; path = ClearButtonTableViewCell.swift; sourceTree = "<group>"; };
		9894CADE29781E17007B7995 /* Coordinator.swift */ = {isa = PBXFileReference; lastKnownFileType = sourcecode.swift; path = Coordinator.swift; sourceTree = "<group>"; };
		9894CAE029781EF9007B7995 /* MainCoordinator.swift */ = {isa = PBXFileReference; lastKnownFileType = sourcecode.swift; path = MainCoordinator.swift; sourceTree = "<group>"; };
		9894CAE2297821EF007B7995 /* TabBarCoordinator.swift */ = {isa = PBXFileReference; lastKnownFileType = sourcecode.swift; path = TabBarCoordinator.swift; sourceTree = "<group>"; };
		9894CAE72978393D007B7995 /* SearchCoordinator.swift */ = {isa = PBXFileReference; lastKnownFileType = sourcecode.swift; path = SearchCoordinator.swift; sourceTree = "<group>"; };
		9894CAE929783A00007B7995 /* FavoritesCoordinator.swift */ = {isa = PBXFileReference; lastKnownFileType = sourcecode.swift; path = FavoritesCoordinator.swift; sourceTree = "<group>"; };
/* End PBXFileReference section */

/* Begin PBXFrameworksBuildPhase section */
		988C52372968BDBE00CDFD64 /* Frameworks */ = {
			isa = PBXFrameworksBuildPhase;
			buildActionMask = 2147483647;
			files = (
				1B7AC1404FD005C02091A00F /* Pods_Reciplease.framework in Frameworks */,
			);
			runOnlyForDeploymentPostprocessing = 0;
		};
/* End PBXFrameworksBuildPhase section */

/* Begin PBXGroup section */
		03C3A08231D8C1EDAFAC78D5 /* Pods */ = {
			isa = PBXGroup;
			children = (
				102424357B54476CFBB14D90 /* Pods-Reciplease.debug.xcconfig */,
				32B81B1A9EF1B4A604AD68B8 /* Pods-Reciplease.release.xcconfig */,
			);
			path = Pods;
			sourceTree = "<group>";
		};
		988C52312968BDBE00CDFD64 = {
			isa = PBXGroup;
			children = (
				988C523C2968BDBE00CDFD64 /* Reciplease */,
				988C523B2968BDBE00CDFD64 /* Products */,
				03C3A08231D8C1EDAFAC78D5 /* Pods */,
				F0906C8E747D2D4362480CBE /* Frameworks */,
			);
			sourceTree = "<group>";
		};
		988C523B2968BDBE00CDFD64 /* Products */ = {
			isa = PBXGroup;
			children = (
				988C523A2968BDBE00CDFD64 /* Reciplease.app */,
			);
			name = Products;
			sourceTree = "<group>";
		};
		988C523C2968BDBE00CDFD64 /* Reciplease */ = {
			isa = PBXGroup;
			children = (
				9894CAD12971B7ED007B7995 /* Config */,
				9894CAC3297199AB007B7995 /* Core */,
				988C5270296EDE5F00CDFD64 /* Mock */,
				988C52592968C12100CDFD64 /* AppleGenerated */,
				988C525B296C3F5300CDFD64 /* Services */,
				988C52522968BF4200CDFD64 /* Models */,
				988C52532968BF4C00CDFD64 /* Controllers */,
				988C525A296C3AF900CDFD64 /* ViewModels */,
				988C52542968BF5400CDFD64 /* Views */,
				988C52512968BF3400CDFD64 /* Navigation */,
				988C524B2968BDBF00CDFD64 /* Info.plist */,
				988C527A296F236400CDFD64 /* Ressources */,
			);
			path = Reciplease;
			sourceTree = "<group>";
		};
		988C52512968BF3400CDFD64 /* Navigation */ = {
			isa = PBXGroup;
			children = (
				9894CAE629782983007B7995 /* Coordinators */,
				988C52412968BDBE00CDFD64 /* TabBarViewController.swift */,
			);
			path = Navigation;
			sourceTree = "<group>";
		};
		988C52522968BF4200CDFD64 /* Models */ = {
			isa = PBXGroup;
			children = (
				9894CAD62975B158007B7995 /* CoreData */,
				988C5260296C403B00CDFD64 /* Recipe.swift */,
				988C5262296C423900CDFD64 /* SearchResponse.swift */,
				988C5264296C431600CDFD64 /* Ingredient.swift */,
				988C5266296C438B00CDFD64 /* Images.swift */,
				988C526C296DB26900CDFD64 /* RecipeModel.swift */,
			);
			path = Models;
			sourceTree = "<group>";
		};
		988C52532968BF4C00CDFD64 /* Controllers */ = {
			isa = PBXGroup;
			children = (
				988C52552968BF9000CDFD64 /* SearchViewController.swift */,
				988C52572968BFB700CDFD64 /* FavoritesViewController.swift */,
				9894CAC92971B6AB007B7995 /* RecipeDetailViewController.swift */,
				9894CACB2971B6C7007B7995 /* RecipeListViewController.swift */,
			);
			path = Controllers;
			sourceTree = "<group>";
		};
		988C52542968BF5400CDFD64 /* Views */ = {
			isa = PBXGroup;
			children = (
				988C52482968BDBF00CDFD64 /* LaunchScreen.storyboard */,
				9894CACD2971B6DB007B7995 /* RecipeList */,
				9894CAC62971B5ED007B7995 /* RecipeDetail */,
				988C5275296F1F0A00CDFD64 /* Search */,
			);
			path = Views;
			sourceTree = "<group>";
		};
		988C52592968C12100CDFD64 /* AppleGenerated */ = {
			isa = PBXGroup;
			children = (
				988C523D2968BDBE00CDFD64 /* AppDelegate.swift */,
				988C523F2968BDBE00CDFD64 /* SceneDelegate.swift */,
			);
			path = AppleGenerated;
			sourceTree = "<group>";
		};
		988C525A296C3AF900CDFD64 /* ViewModels */ = {
			isa = PBXGroup;
			children = (
				988C525C296C3F8900CDFD64 /* SearchViewModel.swift */,
				9894CAC42971B58F007B7995 /* RecipeDetailViewModel.swift */,
				982E22E329854FED003C74DC /* RecipeListViewModel.swift */,
			);
			path = ViewModels;
			sourceTree = "<group>";
		};
		988C525B296C3F5300CDFD64 /* Services */ = {
			isa = PBXGroup;
			children = (
				9894CABE29706E58007B7995 /* Network */,
				9894CABF29706E69007B7995 /* AlertProvider.swift */,
			);
			path = Services;
			sourceTree = "<group>";
		};
		988C5270296EDE5F00CDFD64 /* Mock */ = {
			isa = PBXGroup;
			children = (
				988C5273296EE3E600CDFD64 /* response.json */,
			);
			path = Mock;
			sourceTree = "<group>";
		};
		988C5275296F1F0A00CDFD64 /* Search */ = {
			isa = PBXGroup;
			children = (
				988C526E296DD14200CDFD64 /* SearchTableView.swift */,
				988C5276296F1F6600CDFD64 /* SearchBarTableViewCell.swift */,
				988C527B296F25FE00CDFD64 /* ItemListTableViewCell.swift */,
				9894CADC297804AA007B7995 /* ClearButtonTableViewCell.swift */,
			);
			path = Search;
			sourceTree = "<group>";
		};
		988C527A296F236400CDFD64 /* Ressources */ = {
			isa = PBXGroup;
			children = (
				988C52462968BDBF00CDFD64 /* Assets.xcassets */,
			);
			path = Ressources;
			sourceTree = "<group>";
		};
		9894CABE29706E58007B7995 /* Network */ = {
			isa = PBXGroup;
			children = (
				988C526A296C5CFE00CDFD64 /* NetworkService.swift */,
			);
			path = Network;
			sourceTree = "<group>";
		};
		9894CAC3297199AB007B7995 /* Core */ = {
			isa = PBXGroup;
			children = (
				9894CAC1297199A8007B7995 /* Observable.swift */,
			);
			path = Core;
			sourceTree = "<group>";
		};
		9894CAC62971B5ED007B7995 /* RecipeDetail */ = {
			isa = PBXGroup;
			children = (
				982E22DF29840111003C74DC /* RecipeDetailTableView.swift */,
				982E22E1298418F9003C74DC /* RecipeImageDetailTableViewCell.swift */,
			);
			path = RecipeDetail;
			sourceTree = "<group>";
		};
		9894CACD2971B6DB007B7995 /* RecipeList */ = {
			isa = PBXGroup;
			children = (
				9894CACE2971B724007B7995 /* RecipeListCollectionView.swift */,
				9894CAD42971BE87007B7995 /* RecipeMiniatureCollectionViewCell.swift */,
			);
			path = RecipeList;
			sourceTree = "<group>";
		};
		9894CAD12971B7ED007B7995 /* Config */ = {
			isa = PBXGroup;
			children = (
				9894CAD22971B803007B7995 /* Config.swift */,
			);
			path = Config;
			sourceTree = "<group>";
		};
		9894CAD62975B158007B7995 /* CoreData */ = {
			isa = PBXGroup;
			children = (
				9894CAD72975B1B5007B7995 /* Reciplease.xcdatamodeld */,
				9894CADA2975B206007B7995 /* CoreDataStack.swift */,
			);
			path = CoreData;
			sourceTree = "<group>";
		};
		9894CAE629782983007B7995 /* Coordinators */ = {
			isa = PBXGroup;
			children = (
				9894CAE029781EF9007B7995 /* MainCoordinator.swift */,
				9894CAE72978393D007B7995 /* SearchCoordinator.swift */,
				9894CAE929783A00007B7995 /* FavoritesCoordinator.swift */,
				9894CAE2297821EF007B7995 /* TabBarCoordinator.swift */,
				9894CADE29781E17007B7995 /* Coordinator.swift */,
			);
			path = Coordinators;
			sourceTree = "<group>";
		};
		F0906C8E747D2D4362480CBE /* Frameworks */ = {
			isa = PBXGroup;
			children = (
				5047D8378FD9761FB3332E46 /* Pods_Reciplease.framework */,
			);
			name = Frameworks;
			sourceTree = "<group>";
		};
/* End PBXGroup section */

/* Begin PBXNativeTarget section */
		988C52392968BDBE00CDFD64 /* Reciplease */ = {
			isa = PBXNativeTarget;
			buildConfigurationList = 988C524E2968BDBF00CDFD64 /* Build configuration list for PBXNativeTarget "Reciplease" */;
			buildPhases = (
				4DF62CC1E3CFFDDD3F648253 /* [CP] Check Pods Manifest.lock */,
				988C52362968BDBE00CDFD64 /* Sources */,
				988C52372968BDBE00CDFD64 /* Frameworks */,
				988C52382968BDBE00CDFD64 /* Resources */,
				06CC1D90C408B612B2D4FE75 /* [CP] Embed Pods Frameworks */,
			);
			buildRules = (
			);
			dependencies = (
			);
			name = Reciplease;
			productName = Reciplease;
			productReference = 988C523A2968BDBE00CDFD64 /* Reciplease.app */;
			productType = "com.apple.product-type.application";
		};
/* End PBXNativeTarget section */

/* Begin PBXProject section */
		988C52322968BDBE00CDFD64 /* Project object */ = {
			isa = PBXProject;
			attributes = {
				BuildIndependentTargetsInParallel = 1;
				LastSwiftUpdateCheck = 1420;
				LastUpgradeCheck = 1420;
				TargetAttributes = {
					988C52392968BDBE00CDFD64 = {
						CreatedOnToolsVersion = 14.2;
					};
				};
			};
			buildConfigurationList = 988C52352968BDBE00CDFD64 /* Build configuration list for PBXProject "Reciplease" */;
			compatibilityVersion = "Xcode 14.0";
			developmentRegion = en;
			hasScannedForEncodings = 0;
			knownRegions = (
				en,
				Base,
			);
			mainGroup = 988C52312968BDBE00CDFD64;
			productRefGroup = 988C523B2968BDBE00CDFD64 /* Products */;
			projectDirPath = "";
			projectRoot = "";
			targets = (
				988C52392968BDBE00CDFD64 /* Reciplease */,
			);
		};
/* End PBXProject section */

/* Begin PBXResourcesBuildPhase section */
		988C52382968BDBE00CDFD64 /* Resources */ = {
			isa = PBXResourcesBuildPhase;
			buildActionMask = 2147483647;
			files = (
				988C5274296EE3E600CDFD64 /* response.json in Resources */,
				988C524A2968BDBF00CDFD64 /* LaunchScreen.storyboard in Resources */,
				988C52472968BDBF00CDFD64 /* Assets.xcassets in Resources */,
			);
			runOnlyForDeploymentPostprocessing = 0;
		};
/* End PBXResourcesBuildPhase section */

/* Begin PBXShellScriptBuildPhase section */
		06CC1D90C408B612B2D4FE75 /* [CP] Embed Pods Frameworks */ = {
			isa = PBXShellScriptBuildPhase;
			buildActionMask = 2147483647;
			files = (
			);
			inputFileListPaths = (
				"${PODS_ROOT}/Target Support Files/Pods-Reciplease/Pods-Reciplease-frameworks-${CONFIGURATION}-input-files.xcfilelist",
			);
			name = "[CP] Embed Pods Frameworks";
			outputFileListPaths = (
				"${PODS_ROOT}/Target Support Files/Pods-Reciplease/Pods-Reciplease-frameworks-${CONFIGURATION}-output-files.xcfilelist",
			);
			runOnlyForDeploymentPostprocessing = 0;
			shellPath = /bin/sh;
			shellScript = "\"${PODS_ROOT}/Target Support Files/Pods-Reciplease/Pods-Reciplease-frameworks.sh\"\n";
			showEnvVarsInLog = 0;
		};
		4DF62CC1E3CFFDDD3F648253 /* [CP] Check Pods Manifest.lock */ = {
			isa = PBXShellScriptBuildPhase;
			buildActionMask = 2147483647;
			files = (
			);
			inputFileListPaths = (
			);
			inputPaths = (
				"${PODS_PODFILE_DIR_PATH}/Podfile.lock",
				"${PODS_ROOT}/Manifest.lock",
			);
			name = "[CP] Check Pods Manifest.lock";
			outputFileListPaths = (
			);
			outputPaths = (
				"$(DERIVED_FILE_DIR)/Pods-Reciplease-checkManifestLockResult.txt",
			);
			runOnlyForDeploymentPostprocessing = 0;
			shellPath = /bin/sh;
			shellScript = "diff \"${PODS_PODFILE_DIR_PATH}/Podfile.lock\" \"${PODS_ROOT}/Manifest.lock\" > /dev/null\nif [ $? != 0 ] ; then\n    # print error to STDERR\n    echo \"error: The sandbox is not in sync with the Podfile.lock. Run 'pod install' or update your CocoaPods installation.\" >&2\n    exit 1\nfi\n# This output is used by Xcode 'outputs' to avoid re-running this script phase.\necho \"SUCCESS\" > \"${SCRIPT_OUTPUT_FILE_0}\"\n";
			showEnvVarsInLog = 0;
		};
/* End PBXShellScriptBuildPhase section */

/* Begin PBXSourcesBuildPhase section */
		988C52362968BDBE00CDFD64 /* Sources */ = {
			isa = PBXSourcesBuildPhase;
			buildActionMask = 2147483647;
			files = (
				988C525D296C3F8900CDFD64 /* SearchViewModel.swift in Sources */,
				988C526F296DD14200CDFD64 /* SearchTableView.swift in Sources */,
				9894CACA2971B6AB007B7995 /* RecipeDetailViewController.swift in Sources */,
				9894CAD92975B1B5007B7995 /* Reciplease.xcdatamodeld in Sources */,
				988C52422968BDBE00CDFD64 /* TabBarViewController.swift in Sources */,
				988C5265296C431600CDFD64 /* Ingredient.swift in Sources */,
				988C526D296DB26900CDFD64 /* RecipeModel.swift in Sources */,
				9894CAEA29783A00007B7995 /* FavoritesCoordinator.swift in Sources */,
				9894CADB2975B206007B7995 /* CoreDataStack.swift in Sources */,
				988C5261296C403B00CDFD64 /* Recipe.swift in Sources */,
				988C523E2968BDBE00CDFD64 /* AppDelegate.swift in Sources */,
				988C5263296C423900CDFD64 /* SearchResponse.swift in Sources */,
				9894CAE3297821EF007B7995 /* TabBarCoordinator.swift in Sources */,
				982E22E2298418F9003C74DC /* RecipeImageDetailTableViewCell.swift in Sources */,
				982E22E029840111003C74DC /* RecipeDetailTableView.swift in Sources */,
				9894CAE82978393D007B7995 /* SearchCoordinator.swift in Sources */,
				988C52562968BF9000CDFD64 /* SearchViewController.swift in Sources */,
				9894CAD52971BE87007B7995 /* RecipeMiniatureCollectionViewCell.swift in Sources */,
				9894CAE129781EF9007B7995 /* MainCoordinator.swift in Sources */,
				9894CACF2971B724007B7995 /* RecipeListCollectionView.swift in Sources */,
				9894CAC52971B58F007B7995 /* RecipeDetailViewModel.swift in Sources */,
				988C5277296F1F6600CDFD64 /* SearchBarTableViewCell.swift in Sources */,
				988C52582968BFB700CDFD64 /* FavoritesViewController.swift in Sources */,
				9894CADF29781E17007B7995 /* Coordinator.swift in Sources */,
				988C52402968BDBE00CDFD64 /* SceneDelegate.swift in Sources */,
				988C527C296F25FE00CDFD64 /* ItemListTableViewCell.swift in Sources */,
				9894CAD32971B803007B7995 /* Config.swift in Sources */,
				988C526B296C5CFE00CDFD64 /* NetworkService.swift in Sources */,
				982E22E429854FED003C74DC /* RecipeListViewModel.swift in Sources */,
				9894CADD297804AA007B7995 /* ClearButtonTableViewCell.swift in Sources */,
				9894CAC2297199A8007B7995 /* Observable.swift in Sources */,
				9894CACC2971B6C7007B7995 /* RecipeListViewController.swift in Sources */,
				988C5267296C438B00CDFD64 /* Images.swift in Sources */,
				9894CAC029706E69007B7995 /* AlertProvider.swift in Sources */,
			);
			runOnlyForDeploymentPostprocessing = 0;
		};
/* End PBXSourcesBuildPhase section */

/* Begin PBXVariantGroup section */
		988C52482968BDBF00CDFD64 /* LaunchScreen.storyboard */ = {
			isa = PBXVariantGroup;
			children = (
				988C52492968BDBF00CDFD64 /* Base */,
			);
			name = LaunchScreen.storyboard;
			sourceTree = "<group>";
		};
/* End PBXVariantGroup section */

/* Begin XCBuildConfiguration section */
		988C524C2968BDBF00CDFD64 /* Debug */ = {
			isa = XCBuildConfiguration;
			buildSettings = {
				ALWAYS_SEARCH_USER_PATHS = NO;
				CLANG_ANALYZER_NONNULL = YES;
				CLANG_ANALYZER_NUMBER_OBJECT_CONVERSION = YES_AGGRESSIVE;
				CLANG_CXX_LANGUAGE_STANDARD = "gnu++20";
				CLANG_ENABLE_MODULES = YES;
				CLANG_ENABLE_OBJC_ARC = YES;
				CLANG_ENABLE_OBJC_WEAK = YES;
				CLANG_WARN_BLOCK_CAPTURE_AUTORELEASING = YES;
				CLANG_WARN_BOOL_CONVERSION = YES;
				CLANG_WARN_COMMA = YES;
				CLANG_WARN_CONSTANT_CONVERSION = YES;
				CLANG_WARN_DEPRECATED_OBJC_IMPLEMENTATIONS = YES;
				CLANG_WARN_DIRECT_OBJC_ISA_USAGE = YES_ERROR;
				CLANG_WARN_DOCUMENTATION_COMMENTS = YES;
				CLANG_WARN_EMPTY_BODY = YES;
				CLANG_WARN_ENUM_CONVERSION = YES;
				CLANG_WARN_INFINITE_RECURSION = YES;
				CLANG_WARN_INT_CONVERSION = YES;
				CLANG_WARN_NON_LITERAL_NULL_CONVERSION = YES;
				CLANG_WARN_OBJC_IMPLICIT_RETAIN_SELF = YES;
				CLANG_WARN_OBJC_LITERAL_CONVERSION = YES;
				CLANG_WARN_OBJC_ROOT_CLASS = YES_ERROR;
				CLANG_WARN_QUOTED_INCLUDE_IN_FRAMEWORK_HEADER = YES;
				CLANG_WARN_RANGE_LOOP_ANALYSIS = YES;
				CLANG_WARN_STRICT_PROTOTYPES = YES;
				CLANG_WARN_SUSPICIOUS_MOVE = YES;
				CLANG_WARN_UNGUARDED_AVAILABILITY = YES_AGGRESSIVE;
				CLANG_WARN_UNREACHABLE_CODE = YES;
				CLANG_WARN__DUPLICATE_METHOD_MATCH = YES;
				COPY_PHASE_STRIP = NO;
				DEBUG_INFORMATION_FORMAT = dwarf;
				ENABLE_STRICT_OBJC_MSGSEND = YES;
				ENABLE_TESTABILITY = YES;
				GCC_C_LANGUAGE_STANDARD = gnu11;
				GCC_DYNAMIC_NO_PIC = NO;
				GCC_NO_COMMON_BLOCKS = YES;
				GCC_OPTIMIZATION_LEVEL = 0;
				GCC_PREPROCESSOR_DEFINITIONS = (
					"DEBUG=1",
					"$(inherited)",
				);
				GCC_WARN_64_TO_32_BIT_CONVERSION = YES;
				GCC_WARN_ABOUT_RETURN_TYPE = YES_ERROR;
				GCC_WARN_UNDECLARED_SELECTOR = YES;
				GCC_WARN_UNINITIALIZED_AUTOS = YES_AGGRESSIVE;
				GCC_WARN_UNUSED_FUNCTION = YES;
				GCC_WARN_UNUSED_VARIABLE = YES;
				IPHONEOS_DEPLOYMENT_TARGET = 16.2;
				MTL_ENABLE_DEBUG_INFO = INCLUDE_SOURCE;
				MTL_FAST_MATH = YES;
				ONLY_ACTIVE_ARCH = YES;
				SDKROOT = iphoneos;
				SWIFT_ACTIVE_COMPILATION_CONDITIONS = DEBUG;
				SWIFT_OPTIMIZATION_LEVEL = "-Onone";
			};
			name = Debug;
		};
		988C524D2968BDBF00CDFD64 /* Release */ = {
			isa = XCBuildConfiguration;
			buildSettings = {
				ALWAYS_SEARCH_USER_PATHS = NO;
				CLANG_ANALYZER_NONNULL = YES;
				CLANG_ANALYZER_NUMBER_OBJECT_CONVERSION = YES_AGGRESSIVE;
				CLANG_CXX_LANGUAGE_STANDARD = "gnu++20";
				CLANG_ENABLE_MODULES = YES;
				CLANG_ENABLE_OBJC_ARC = YES;
				CLANG_ENABLE_OBJC_WEAK = YES;
				CLANG_WARN_BLOCK_CAPTURE_AUTORELEASING = YES;
				CLANG_WARN_BOOL_CONVERSION = YES;
				CLANG_WARN_COMMA = YES;
				CLANG_WARN_CONSTANT_CONVERSION = YES;
				CLANG_WARN_DEPRECATED_OBJC_IMPLEMENTATIONS = YES;
				CLANG_WARN_DIRECT_OBJC_ISA_USAGE = YES_ERROR;
				CLANG_WARN_DOCUMENTATION_COMMENTS = YES;
				CLANG_WARN_EMPTY_BODY = YES;
				CLANG_WARN_ENUM_CONVERSION = YES;
				CLANG_WARN_INFINITE_RECURSION = YES;
				CLANG_WARN_INT_CONVERSION = YES;
				CLANG_WARN_NON_LITERAL_NULL_CONVERSION = YES;
				CLANG_WARN_OBJC_IMPLICIT_RETAIN_SELF = YES;
				CLANG_WARN_OBJC_LITERAL_CONVERSION = YES;
				CLANG_WARN_OBJC_ROOT_CLASS = YES_ERROR;
				CLANG_WARN_QUOTED_INCLUDE_IN_FRAMEWORK_HEADER = YES;
				CLANG_WARN_RANGE_LOOP_ANALYSIS = YES;
				CLANG_WARN_STRICT_PROTOTYPES = YES;
				CLANG_WARN_SUSPICIOUS_MOVE = YES;
				CLANG_WARN_UNGUARDED_AVAILABILITY = YES_AGGRESSIVE;
				CLANG_WARN_UNREACHABLE_CODE = YES;
				CLANG_WARN__DUPLICATE_METHOD_MATCH = YES;
				COPY_PHASE_STRIP = NO;
				DEBUG_INFORMATION_FORMAT = "dwarf-with-dsym";
				ENABLE_NS_ASSERTIONS = NO;
				ENABLE_STRICT_OBJC_MSGSEND = YES;
				GCC_C_LANGUAGE_STANDARD = gnu11;
				GCC_NO_COMMON_BLOCKS = YES;
				GCC_WARN_64_TO_32_BIT_CONVERSION = YES;
				GCC_WARN_ABOUT_RETURN_TYPE = YES_ERROR;
				GCC_WARN_UNDECLARED_SELECTOR = YES;
				GCC_WARN_UNINITIALIZED_AUTOS = YES_AGGRESSIVE;
				GCC_WARN_UNUSED_FUNCTION = YES;
				GCC_WARN_UNUSED_VARIABLE = YES;
				IPHONEOS_DEPLOYMENT_TARGET = 16.2;
				MTL_ENABLE_DEBUG_INFO = NO;
				MTL_FAST_MATH = YES;
				SDKROOT = iphoneos;
				SWIFT_COMPILATION_MODE = wholemodule;
				SWIFT_OPTIMIZATION_LEVEL = "-O";
				VALIDATE_PRODUCT = YES;
			};
			name = Release;
		};
		988C524F2968BDBF00CDFD64 /* Debug */ = {
			isa = XCBuildConfiguration;
			baseConfigurationReference = 102424357B54476CFBB14D90 /* Pods-Reciplease.debug.xcconfig */;
			buildSettings = {
				ASSETCATALOG_COMPILER_APPICON_NAME = AppIcon;
				ASSETCATALOG_COMPILER_GLOBAL_ACCENT_COLOR_NAME = AccentColor;
				CODE_SIGN_STYLE = Automatic;
				CURRENT_PROJECT_VERSION = 1;
				DEVELOPMENT_TEAM = GB34966X5M;
				GENERATE_INFOPLIST_FILE = YES;
				INFOPLIST_FILE = Reciplease/Info.plist;
				INFOPLIST_KEY_UIApplicationSupportsIndirectInputEvents = YES;
				INFOPLIST_KEY_UILaunchStoryboardName = LaunchScreen;
				INFOPLIST_KEY_UIMainStoryboardFile = "";
				INFOPLIST_KEY_UISupportedInterfaceOrientations_iPad = "UIInterfaceOrientationPortrait UIInterfaceOrientationPortraitUpsideDown UIInterfaceOrientationLandscapeLeft UIInterfaceOrientationLandscapeRight";
				INFOPLIST_KEY_UISupportedInterfaceOrientations_iPhone = "UIInterfaceOrientationPortrait UIInterfaceOrientationLandscapeLeft UIInterfaceOrientationLandscapeRight";
				LD_RUNPATH_SEARCH_PATHS = (
					"$(inherited)",
					"@executable_path/Frameworks",
				);
				MARKETING_VERSION = 1.0;
				PRODUCT_BUNDLE_IDENTIFIER = com.lorenebrocourt.Reciplease;
				PRODUCT_NAME = "$(TARGET_NAME)";
				SWIFT_EMIT_LOC_STRINGS = YES;
				SWIFT_VERSION = 5.0;
				TARGETED_DEVICE_FAMILY = "1,2";
			};
			name = Debug;
		};
		988C52502968BDBF00CDFD64 /* Release */ = {
			isa = XCBuildConfiguration;
			baseConfigurationReference = 32B81B1A9EF1B4A604AD68B8 /* Pods-Reciplease.release.xcconfig */;
			buildSettings = {
				ASSETCATALOG_COMPILER_APPICON_NAME = AppIcon;
				ASSETCATALOG_COMPILER_GLOBAL_ACCENT_COLOR_NAME = AccentColor;
				CODE_SIGN_STYLE = Automatic;
				CURRENT_PROJECT_VERSION = 1;
				DEVELOPMENT_TEAM = GB34966X5M;
				GENERATE_INFOPLIST_FILE = YES;
				INFOPLIST_FILE = Reciplease/Info.plist;
				INFOPLIST_KEY_UIApplicationSupportsIndirectInputEvents = YES;
				INFOPLIST_KEY_UILaunchStoryboardName = LaunchScreen;
				INFOPLIST_KEY_UIMainStoryboardFile = "";
				INFOPLIST_KEY_UISupportedInterfaceOrientations_iPad = "UIInterfaceOrientationPortrait UIInterfaceOrientationPortraitUpsideDown UIInterfaceOrientationLandscapeLeft UIInterfaceOrientationLandscapeRight";
				INFOPLIST_KEY_UISupportedInterfaceOrientations_iPhone = "UIInterfaceOrientationPortrait UIInterfaceOrientationLandscapeLeft UIInterfaceOrientationLandscapeRight";
				LD_RUNPATH_SEARCH_PATHS = (
					"$(inherited)",
					"@executable_path/Frameworks",
				);
				MARKETING_VERSION = 1.0;
				PRODUCT_BUNDLE_IDENTIFIER = com.lorenebrocourt.Reciplease;
				PRODUCT_NAME = "$(TARGET_NAME)";
				SWIFT_EMIT_LOC_STRINGS = YES;
				SWIFT_VERSION = 5.0;
				TARGETED_DEVICE_FAMILY = "1,2";
			};
			name = Release;
		};
/* End XCBuildConfiguration section */

/* Begin XCConfigurationList section */
		988C52352968BDBE00CDFD64 /* Build configuration list for PBXProject "Reciplease" */ = {
			isa = XCConfigurationList;
			buildConfigurations = (
				988C524C2968BDBF00CDFD64 /* Debug */,
				988C524D2968BDBF00CDFD64 /* Release */,
			);
			defaultConfigurationIsVisible = 0;
			defaultConfigurationName = Release;
		};
		988C524E2968BDBF00CDFD64 /* Build configuration list for PBXNativeTarget "Reciplease" */ = {
			isa = XCConfigurationList;
			buildConfigurations = (
				988C524F2968BDBF00CDFD64 /* Debug */,
				988C52502968BDBF00CDFD64 /* Release */,
			);
			defaultConfigurationIsVisible = 0;
			defaultConfigurationName = Release;
		};
/* End XCConfigurationList section */

/* Begin XCVersionGroup section */
		9894CAD72975B1B5007B7995 /* Reciplease.xcdatamodeld */ = {
			isa = XCVersionGroup;
			children = (
				9894CAD82975B1B5007B7995 /* Reciplease.xcdatamodel */,
			);
			currentVersion = 9894CAD82975B1B5007B7995 /* Reciplease.xcdatamodel */;
			path = Reciplease.xcdatamodeld;
			sourceTree = "<group>";
			versionGroupType = wrapper.xcdatamodel;
		};
/* End XCVersionGroup section */
	};
	rootObject = 988C52322968BDBE00CDFD64 /* Project object */;
}
